// !$*UTF8*$!
{
	archiveVersion = 1;
	classes = {
	};
	objectVersion = 56;
	objects = {

/* Begin PBXBuildFile section */
		36ECAFCA2A3C40C100B354FA /* AppDelegate.swift in Sources */ = {isa = PBXBuildFile; fileRef = 36ECAFC92A3C40C100B354FA /* AppDelegate.swift */; };
		36ECAFCC2A3C40C100B354FA /* SceneDelegate.swift in Sources */ = {isa = PBXBuildFile; fileRef = 36ECAFCB2A3C40C100B354FA /* SceneDelegate.swift */; };
		36ECAFCE2A3C40C100B354FA /* ViewController.swift in Sources */ = {isa = PBXBuildFile; fileRef = 36ECAFCD2A3C40C100B354FA /* ViewController.swift */; };
		36ECAFD32A3C40C300B354FA /* Assets.xcassets in Resources */ = {isa = PBXBuildFile; fileRef = 36ECAFD22A3C40C300B354FA /* Assets.xcassets */; };
		36ECAFD62A3C40C300B354FA /* LaunchScreen.storyboard in Resources */ = {isa = PBXBuildFile; fileRef = 36ECAFD42A3C40C300B354FA /* LaunchScreen.storyboard */; };
		36ECAFDF2A3C433400B354FA /* SnapKit in Frameworks */ = {isa = PBXBuildFile; productRef = 36ECAFDE2A3C433400B354FA /* SnapKit */; };
		36ECAFE42A3C449600B354FA /* UIView+.swift in Sources */ = {isa = PBXBuildFile; fileRef = 36ECAFE32A3C449600B354FA /* UIView+.swift */; };
		36ECAFE62A3C4A6100B354FA /* UIImage+.swift in Sources */ = {isa = PBXBuildFile; fileRef = 36ECAFE52A3C4A6100B354FA /* UIImage+.swift */; };
/* End PBXBuildFile section */

/* Begin PBXFileReference section */
		36ECAFC62A3C40C100B354FA /* MyMusicApp.app */ = {isa = PBXFileReference; explicitFileType = wrapper.application; includeInIndex = 0; path = MyMusicApp.app; sourceTree = BUILT_PRODUCTS_DIR; };
		36ECAFC92A3C40C100B354FA /* AppDelegate.swift */ = {isa = PBXFileReference; lastKnownFileType = sourcecode.swift; path = AppDelegate.swift; sourceTree = "<group>"; };
		36ECAFCB2A3C40C100B354FA /* SceneDelegate.swift */ = {isa = PBXFileReference; lastKnownFileType = sourcecode.swift; path = SceneDelegate.swift; sourceTree = "<group>"; };
		36ECAFCD2A3C40C100B354FA /* ViewController.swift */ = {isa = PBXFileReference; lastKnownFileType = sourcecode.swift; path = ViewController.swift; sourceTree = "<group>"; };
		36ECAFD22A3C40C300B354FA /* Assets.xcassets */ = {isa = PBXFileReference; lastKnownFileType = folder.assetcatalog; path = Assets.xcassets; sourceTree = "<group>"; };
		36ECAFD52A3C40C300B354FA /* Base */ = {isa = PBXFileReference; lastKnownFileType = file.storyboard; name = Base; path = Base.lproj/LaunchScreen.storyboard; sourceTree = "<group>"; };
		36ECAFD72A3C40C300B354FA /* Info.plist */ = {isa = PBXFileReference; lastKnownFileType = text.plist.xml; path = Info.plist; sourceTree = "<group>"; };
		36ECAFE32A3C449600B354FA /* UIView+.swift */ = {isa = PBXFileReference; lastKnownFileType = sourcecode.swift; path = "UIView+.swift"; sourceTree = "<group>"; };
		36ECAFE52A3C4A6100B354FA /* UIImage+.swift */ = {isa = PBXFileReference; lastKnownFileType = sourcecode.swift; path = "UIImage+.swift"; sourceTree = "<group>"; };
/* End PBXFileReference section */

/* Begin PBXFrameworksBuildPhase section */
		36ECAFC32A3C40C100B354FA /* Frameworks */ = {
			isa = PBXFrameworksBuildPhase;
			buildActionMask = 2147483647;
			files = (
				36ECAFDF2A3C433400B354FA /* SnapKit in Frameworks */,
			);
			runOnlyForDeploymentPostprocessing = 0;
		};
/* End PBXFrameworksBuildPhase section */

/* Begin PBXGroup section */
		36ECAFBD2A3C40C100B354FA = {
			isa = PBXGroup;
			children = (
				36ECAFC82A3C40C100B354FA /* MyMusicApp */,
				36ECAFC72A3C40C100B354FA /* Products */,
			);
			sourceTree = "<group>";
		};
		36ECAFC72A3C40C100B354FA /* Products */ = {
			isa = PBXGroup;
			children = (
				36ECAFC62A3C40C100B354FA /* MyMusicApp.app */,
			);
			name = Products;
			sourceTree = "<group>";
		};
		36ECAFC82A3C40C100B354FA /* MyMusicApp */ = {
			isa = PBXGroup;
			children = (
				36ECAFE22A3C447400B354FA /* Extension */,
				36ECAFE12A3C446C00B354FA /* General */,
				36ECAFE02A3C445500B354FA /* Scene */,
				36ECAFD72A3C40C300B354FA /* Info.plist */,
			);
			path = MyMusicApp;
			sourceTree = "<group>";
		};
		36ECAFE02A3C445500B354FA /* Scene */ = {
			isa = PBXGroup;
			children = (
				36ECAFCD2A3C40C100B354FA /* ViewController.swift */,
			);
			path = Scene;
			sourceTree = "<group>";
		};
		36ECAFE12A3C446C00B354FA /* General */ = {
			isa = PBXGroup;
			children = (
				36ECAFC92A3C40C100B354FA /* AppDelegate.swift */,
				36ECAFCB2A3C40C100B354FA /* SceneDelegate.swift */,
				36ECAFD22A3C40C300B354FA /* Assets.xcassets */,
				36ECAFD42A3C40C300B354FA /* LaunchScreen.storyboard */,
			);
			path = General;
			sourceTree = "<group>";
		};
		36ECAFE22A3C447400B354FA /* Extension */ = {
			isa = PBXGroup;
			children = (
				36ECAFE32A3C449600B354FA /* UIView+.swift */,
				36ECAFE52A3C4A6100B354FA /* UIImage+.swift */,
			);
			path = Extension;
			sourceTree = "<group>";
		};
/* End PBXGroup section */

/* Begin PBXNativeTarget section */
		36ECAFC52A3C40C100B354FA /* MyMusicApp */ = {
			isa = PBXNativeTarget;
			buildConfigurationList = 36ECAFDA2A3C40C300B354FA /* Build configuration list for PBXNativeTarget "MyMusicApp" */;
			buildPhases = (
				36ECAFC22A3C40C100B354FA /* Sources */,
				36ECAFC32A3C40C100B354FA /* Frameworks */,
				36ECAFC42A3C40C100B354FA /* Resources */,
			);
			buildRules = (
			);
			dependencies = (
			);
			name = MyMusicApp;
			packageProductDependencies = (
				36ECAFDE2A3C433400B354FA /* SnapKit */,
			);
			productName = MyMusicApp;
			productReference = 36ECAFC62A3C40C100B354FA /* MyMusicApp.app */;
			productType = "com.apple.product-type.application";
		};
/* End PBXNativeTarget section */

/* Begin PBXProject section */
		36ECAFBE2A3C40C100B354FA /* Project object */ = {
			isa = PBXProject;
			attributes = {
				BuildIndependentTargetsInParallel = 1;
				LastSwiftUpdateCheck = 1430;
				LastUpgradeCheck = 1430;
				TargetAttributes = {
					36ECAFC52A3C40C100B354FA = {
						CreatedOnToolsVersion = 14.3.1;
					};
				};
			};
			buildConfigurationList = 36ECAFC12A3C40C100B354FA /* Build configuration list for PBXProject "MyMusicApp" */;
			compatibilityVersion = "Xcode 14.0";
			developmentRegion = en;
			hasScannedForEncodings = 0;
			knownRegions = (
				en,
				Base,
			);
			mainGroup = 36ECAFBD2A3C40C100B354FA;
			packageReferences = (
				36ECAFDD2A3C433400B354FA /* XCRemoteSwiftPackageReference "SnapKit" */,
			);
			productRefGroup = 36ECAFC72A3C40C100B354FA /* Products */;
			projectDirPath = "";
			projectRoot = "";
			targets = (
				36ECAFC52A3C40C100B354FA /* MyMusicApp */,
			);
		};
/* End PBXProject section */

/* Begin PBXResourcesBuildPhase section */
		36ECAFC42A3C40C100B354FA /* Resources */ = {
			isa = PBXResourcesBuildPhase;
			buildActionMask = 2147483647;
			files = (
				36ECAFD62A3C40C300B354FA /* LaunchScreen.storyboard in Resources */,
				36ECAFD32A3C40C300B354FA /* Assets.xcassets in Resources */,
			);
			runOnlyForDeploymentPostprocessing = 0;
		};
/* End PBXResourcesBuildPhase section */

/* Begin PBXSourcesBuildPhase section */
		36ECAFC22A3C40C100B354FA /* Sources */ = {
			isa = PBXSourcesBuildPhase;
			buildActionMask = 2147483647;
			files = (
				36ECAFE42A3C449600B354FA /* UIView+.swift in Sources */,
				36ECAFCE2A3C40C100B354FA /* ViewController.swift in Sources */,
				36ECAFE62A3C4A6100B354FA /* UIImage+.swift in Sources */,
				36ECAFCA2A3C40C100B354FA /* AppDelegate.swift in Sources */,
				36ECAFCC2A3C40C100B354FA /* SceneDelegate.swift in Sources */,
			);
			runOnlyForDeploymentPostprocessing = 0;
		};
/* End PBXSourcesBuildPhase section */

/* Begin PBXVariantGroup section */
		36ECAFD42A3C40C300B354FA /* LaunchScreen.storyboard */ = {
			isa = PBXVariantGroup;
			children = (
				36ECAFD52A3C40C300B354FA /* Base */,
			);
			name = LaunchScreen.storyboard;
			sourceTree = "<group>";
		};
/* End PBXVariantGroup section */

/* Begin XCBuildConfiguration section */
		36ECAFD82A3C40C300B354FA /* Debug */ = {
			isa = XCBuildConfiguration;
			buildSettings = {
				ALWAYS_SEARCH_USER_PATHS = NO;
				CLANG_ANALYZER_NONNULL = YES;
				CLANG_ANALYZER_NUMBER_OBJECT_CONVERSION = YES_AGGRESSIVE;
				CLANG_CXX_LANGUAGE_STANDARD = "gnu++20";
				CLANG_ENABLE_MODULES = YES;
				CLANG_ENABLE_OBJC_ARC = YES;
				CLANG_ENABLE_OBJC_WEAK = YES;
				CLANG_WARN_BLOCK_CAPTURE_AUTORELEASING = YES;
				CLANG_WARN_BOOL_CONVERSION = YES;
				CLANG_WARN_COMMA = YES;
				CLANG_WARN_CONSTANT_CONVERSION = YES;
				CLANG_WARN_DEPRECATED_OBJC_IMPLEMENTATIONS = YES;
				CLANG_WARN_DIRECT_OBJC_ISA_USAGE = YES_ERROR;
				CLANG_WARN_DOCUMENTATION_COMMENTS = YES;
				CLANG_WARN_EMPTY_BODY = YES;
				CLANG_WARN_ENUM_CONVERSION = YES;
				CLANG_WARN_INFINITE_RECURSION = YES;
				CLANG_WARN_INT_CONVERSION = YES;
				CLANG_WARN_NON_LITERAL_NULL_CONVERSION = YES;
				CLANG_WARN_OBJC_IMPLICIT_RETAIN_SELF = YES;
				CLANG_WARN_OBJC_LITERAL_CONVERSION = YES;
				CLANG_WARN_OBJC_ROOT_CLASS = YES_ERROR;
				CLANG_WARN_QUOTED_INCLUDE_IN_FRAMEWORK_HEADER = YES;
				CLANG_WARN_RANGE_LOOP_ANALYSIS = YES;
				CLANG_WARN_STRICT_PROTOTYPES = YES;
				CLANG_WARN_SUSPICIOUS_MOVE = YES;
				CLANG_WARN_UNGUARDED_AVAILABILITY = YES_AGGRESSIVE;
				CLANG_WARN_UNREACHABLE_CODE = YES;
				CLANG_WARN__DUPLICATE_METHOD_MATCH = YES;
				COPY_PHASE_STRIP = NO;
				DEBUG_INFORMATION_FORMAT = dwarf;
				ENABLE_STRICT_OBJC_MSGSEND = YES;
				ENABLE_TESTABILITY = YES;
				GCC_C_LANGUAGE_STANDARD = gnu11;
				GCC_DYNAMIC_NO_PIC = NO;
				GCC_NO_COMMON_BLOCKS = YES;
				GCC_OPTIMIZATION_LEVEL = 0;
				GCC_PREPROCESSOR_DEFINITIONS = (
					"DEBUG=1",
					"$(inherited)",
				);
				GCC_WARN_64_TO_32_BIT_CONVERSION = YES;
				GCC_WARN_ABOUT_RETURN_TYPE = YES_ERROR;
				GCC_WARN_UNDECLARED_SELECTOR = YES;
				GCC_WARN_UNINITIALIZED_AUTOS = YES_AGGRESSIVE;
				GCC_WARN_UNUSED_FUNCTION = YES;
				GCC_WARN_UNUSED_VARIABLE = YES;
				IPHONEOS_DEPLOYMENT_TARGET = 16.4;
				MTL_ENABLE_DEBUG_INFO = INCLUDE_SOURCE;
				MTL_FAST_MATH = YES;
				ONLY_ACTIVE_ARCH = YES;
				SDKROOT = iphoneos;
				SWIFT_ACTIVE_COMPILATION_CONDITIONS = DEBUG;
				SWIFT_OPTIMIZATION_LEVEL = "-Onone";
			};
			name = Debug;
		};
		36ECAFD92A3C40C300B354FA /* Release */ = {
			isa = XCBuildConfiguration;
			buildSettings = {
				ALWAYS_SEARCH_USER_PATHS = NO;
				CLANG_ANALYZER_NONNULL = YES;
				CLANG_ANALYZER_NUMBER_OBJECT_CONVERSION = YES_AGGRESSIVE;
				CLANG_CXX_LANGUAGE_STANDARD = "gnu++20";
				CLANG_ENABLE_MODULES = YES;
				CLANG_ENABLE_OBJC_ARC = YES;
				CLANG_ENABLE_OBJC_WEAK = YES;
				CLANG_WARN_BLOCK_CAPTURE_AUTORELEASING = YES;
				CLANG_WARN_BOOL_CONVERSION = YES;
				CLANG_WARN_COMMA = YES;
				CLANG_WARN_CONSTANT_CONVERSION = YES;
				CLANG_WARN_DEPRECATED_OBJC_IMPLEMENTATIONS = YES;
				CLANG_WARN_DIRECT_OBJC_ISA_USAGE = YES_ERROR;
				CLANG_WARN_DOCUMENTATION_COMMENTS = YES;
				CLANG_WARN_EMPTY_BODY = YES;
				CLANG_WARN_ENUM_CONVERSION = YES;
				CLANG_WARN_INFINITE_RECURSION = YES;
				CLANG_WARN_INT_CONVERSION = YES;
				CLANG_WARN_NON_LITERAL_NULL_CONVERSION = YES;
				CLANG_WARN_OBJC_IMPLICIT_RETAIN_SELF = YES;
				CLANG_WARN_OBJC_LITERAL_CONVERSION = YES;
				CLANG_WARN_OBJC_ROOT_CLASS = YES_ERROR;
				CLANG_WARN_QUOTED_INCLUDE_IN_FRAMEWORK_HEADER = YES;
				CLANG_WARN_RANGE_LOOP_ANALYSIS = YES;
				CLANG_WARN_STRICT_PROTOTYPES = YES;
				CLANG_WARN_SUSPICIOUS_MOVE = YES;
				CLANG_WARN_UNGUARDED_AVAILABILITY = YES_AGGRESSIVE;
				CLANG_WARN_UNREACHABLE_CODE = YES;
				CLANG_WARN__DUPLICATE_METHOD_MATCH = YES;
				COPY_PHASE_STRIP = NO;
				DEBUG_INFORMATION_FORMAT = "dwarf-with-dsym";
				ENABLE_NS_ASSERTIONS = NO;
				ENABLE_STRICT_OBJC_MSGSEND = YES;
				GCC_C_LANGUAGE_STANDARD = gnu11;
				GCC_NO_COMMON_BLOCKS = YES;
				GCC_WARN_64_TO_32_BIT_CONVERSION = YES;
				GCC_WARN_ABOUT_RETURN_TYPE = YES_ERROR;
				GCC_WARN_UNDECLARED_SELECTOR = YES;
				GCC_WARN_UNINITIALIZED_AUTOS = YES_AGGRESSIVE;
				GCC_WARN_UNUSED_FUNCTION = YES;
				GCC_WARN_UNUSED_VARIABLE = YES;
				IPHONEOS_DEPLOYMENT_TARGET = 16.4;
				MTL_ENABLE_DEBUG_INFO = NO;
				MTL_FAST_MATH = YES;
				SDKROOT = iphoneos;
				SWIFT_COMPILATION_MODE = wholemodule;
				SWIFT_OPTIMIZATION_LEVEL = "-O";
				VALIDATE_PRODUCT = YES;
			};
			name = Release;
		};
		36ECAFDB2A3C40C300B354FA /* Debug */ = {
			isa = XCBuildConfiguration;
			buildSettings = {
				ASSETCATALOG_COMPILER_APPICON_NAME = AppIcon;
				ASSETCATALOG_COMPILER_GLOBAL_ACCENT_COLOR_NAME = AccentColor;
				CODE_SIGN_STYLE = Automatic;
				CURRENT_PROJECT_VERSION = 1;
				DEVELOPMENT_TEAM = 8D8H8KC6DH;
				GENERATE_INFOPLIST_FILE = YES;
				INFOPLIST_FILE = MyMusicApp/Info.plist;
				INFOPLIST_KEY_UIApplicationSupportsIndirectInputEvents = YES;
				INFOPLIST_KEY_UILaunchStoryboardName = LaunchScreen;
				INFOPLIST_KEY_UIMainStoryboardFile = "";
				INFOPLIST_KEY_UISupportedInterfaceOrientations_iPad = "UIInterfaceOrientationPortrait UIInterfaceOrientationPortraitUpsideDown UIInterfaceOrientationLandscapeLeft UIInterfaceOrientationLandscapeRight";
				INFOPLIST_KEY_UISupportedInterfaceOrientations_iPhone = "UIInterfaceOrientationPortrait UIInterfaceOrientationLandscapeLeft UIInterfaceOrientationLandscapeRight";
				LD_RUNPATH_SEARCH_PATHS = (
					"$(inherited)",
					"@executable_path/Frameworks",
				);
				MARKETING_VERSION = 1.0;
				PRODUCT_BUNDLE_IDENTIFIER = LJH.MyMusicApp;
				PRODUCT_NAME = "$(TARGET_NAME)";
				SWIFT_EMIT_LOC_STRINGS = YES;
				SWIFT_VERSION = 5.0;
				TARGETED_DEVICE_FAMILY = "1,2";
			};
			name = Debug;
		};
		36ECAFDC2A3C40C300B354FA /* Release */ = {
			isa = XCBuildConfiguration;
			buildSettings = {
				ASSETCATALOG_COMPILER_APPICON_NAME = AppIcon;
				ASSETCATALOG_COMPILER_GLOBAL_ACCENT_COLOR_NAME = AccentColor;
				CODE_SIGN_STYLE = Automatic;
				CURRENT_PROJECT_VERSION = 1;
				DEVELOPMENT_TEAM = 8D8H8KC6DH;
				GENERATE_INFOPLIST_FILE = YES;
				INFOPLIST_FILE = MyMusicApp/Info.plist;
				INFOPLIST_KEY_UIApplicationSupportsIndirectInputEvents = YES;
				INFOPLIST_KEY_UILaunchStoryboardName = LaunchScreen;
				INFOPLIST_KEY_UIMainStoryboardFile = "";
				INFOPLIST_KEY_UISupportedInterfaceOrientations_iPad = "UIInterfaceOrientationPortrait UIInterfaceOrientationPortraitUpsideDown UIInterfaceOrientationLandscapeLeft UIInterfaceOrientationLandscapeRight";
				INFOPLIST_KEY_UISupportedInterfaceOrientations_iPhone = "UIInterfaceOrientationPortrait UIInterfaceOrientationLandscapeLeft UIInterfaceOrientationLandscapeRight";
				LD_RUNPATH_SEARCH_PATHS = (
					"$(inherited)",
					"@executable_path/Frameworks",
				);
				MARKETING_VERSION = 1.0;
				PRODUCT_BUNDLE_IDENTIFIER = LJH.MyMusicApp;
				PRODUCT_NAME = "$(TARGET_NAME)";
				SWIFT_EMIT_LOC_STRINGS = YES;
				SWIFT_VERSION = 5.0;
				TARGETED_DEVICE_FAMILY = "1,2";
			};
			name = Release;
		};
/* End XCBuildConfiguration section */

/* Begin XCConfigurationList section */
		36ECAFC12A3C40C100B354FA /* Build configuration list for PBXProject "MyMusicApp" */ = {
			isa = XCConfigurationList;
			buildConfigurations = (
				36ECAFD82A3C40C300B354FA /* Debug */,
				36ECAFD92A3C40C300B354FA /* Release */,
			);
			defaultConfigurationIsVisible = 0;
			defaultConfigurationName = Release;
		};
		36ECAFDA2A3C40C300B354FA /* Build configuration list for PBXNativeTarget "MyMusicApp" */ = {
			isa = XCConfigurationList;
			buildConfigurations = (
				36ECAFDB2A3C40C300B354FA /* Debug */,
				36ECAFDC2A3C40C300B354FA /* Release */,
			);
			defaultConfigurationIsVisible = 0;
			defaultConfigurationName = Release;
		};
/* End XCConfigurationList section */

/* Begin XCRemoteSwiftPackageReference section */
		36ECAFDD2A3C433400B354FA /* XCRemoteSwiftPackageReference "SnapKit" */ = {
			isa = XCRemoteSwiftPackageReference;
			repositoryURL = "https://github.com/SnapKit/SnapKit.git";
			requirement = {
				kind = upToNextMajorVersion;
				minimumVersion = 5.0.0;
			};
		};
/* End XCRemoteSwiftPackageReference section */

/* Begin XCSwiftPackageProductDependency section */
		36ECAFDE2A3C433400B354FA /* SnapKit */ = {
			isa = XCSwiftPackageProductDependency;
			package = 36ECAFDD2A3C433400B354FA /* XCRemoteSwiftPackageReference "SnapKit" */;
			productName = SnapKit;
		};
/* End XCSwiftPackageProductDependency section */
	};
	rootObject = 36ECAFBE2A3C40C100B354FA /* Project object */;
}
